
Microsoft Visual Studio Solution File, Format Version 12.00
# Visual Studio Version 16
VisualStudioVersion = 16.0.30907.101
MinimumVisualStudioVersion = 10.0.40219.1
Project("{FAE04EC0-301F-11D3-BF4B-00C04F79EFBC}") = "DaysiBussines", "DaysiBussines.csproj", "{98D342B1-8B0E-4954-AECB-304D24379D71}"
EndProject
Project("{FAE04EC0-301F-11D3-BF4B-00C04F79EFBC}") = "DaisyClass", "..\DaisyClass\DaisyClass.csproj", "{38B51E7E-276D-4E80-B53E-AEDF395ADA42}"
EndProject
Global
	GlobalSection(SolutionConfigurationPlatforms) = preSolution
		Debug|Any CPU = Debug|Any CPU
		Release|Any CPU = Release|Any CPU
	EndGlobalSection
	GlobalSection(ProjectConfigurationPlatforms) = postSolution
		{98D342B1-8B0E-4954-AECB-304D24379D71}.Debug|Any CPU.ActiveCfg = Debug|Any CPU
		{98D342B1-8B0E-4954-AECB-304D24379D71}.Debug|Any CPU.Build.0 = Debug|Any CPU
		{98D342B1-8B0E-4954-AECB-304D24379D71}.Release|Any CPU.ActiveCfg = Release|Any CPU
		{98D342B1-8B0E-4954-AECB-304D24379D71}.Release|Any CPU.Build.0 = Release|Any CPU
		{38B51E7E-276D-4E80-B53E-AEDF395ADA42}.Debug|Any CPU.ActiveCfg = Debug|Any CPU
		{38B51E7E-276D-4E80-B53E-AEDF395ADA42}.Debug|Any CPU.Build.0 = Debug|Any CPU
		{38B51E7E-276D-4E80-B53E-AEDF395ADA42}.Release|Any CPU.ActiveCfg = Release|Any CPU
		{38B51E7E-276D-4E80-B53E-AEDF395ADA42}.Release|Any CPU.Build.0 = Release|Any CPU
	EndGlobalSection
	GlobalSection(SolutionProperties) = preSolution
		HideSolutionNode = FALSE
	EndGlobalSection
	GlobalSection(ExtensibilityGlobals) = postSolution
		SolutionGuid = {5E9A207A-B851-4A8A-BBA4-133F509D7964}
	EndGlobalSection
EndGlobal
